
Microsoft Visual Studio Solution File, Format Version 12.00
# Visual Studio 14
VisualStudioVersion = 14.0.25420.1
MinimumVisualStudioVersion = 10.0.40219.1
Project("{FAE04EC0-301F-11D3-BF4B-00C04F79EFBC}") = "ContinuousGeneralizer", "ContinuousGeneralizer\ContinuousGeneralizer.csproj", "{132C8FE0-2BB8-4D07-9BAF-7B85865666BF}"
EndProject
Project("{FAE04EC0-301F-11D3-BF4B-00C04F79EFBC}") = "MorphingClass", "MorphingClass\MorphingClass.csproj", "{456FD3DF-B3F9-41F9-B359-AA1498B57826}"
EndProject
Project("{F184B08F-C81C-45F6-A57F-5ABD9991F28F}") = "VBClass", "VBClass\VBClass.vbproj", "{37C13D51-20CC-4F15-B16F-20A219F2F3FC}"
EndProject
Global
	GlobalSection(SolutionConfigurationPlatforms) = preSolution
		Debug|Any CPU = Debug|Any CPU
		Debug|Mixed Platforms = Debug|Mixed Platforms
		Debug|Win32 = Debug|Win32
		Debug|x64 = Debug|x64
		Debug|x86 = Debug|x86
		Release|Any CPU = Release|Any CPU
		Release|Mixed Platforms = Release|Mixed Platforms
		Release|Win32 = Release|Win32
		Release|x64 = Release|x64
		Release|x86 = Release|x86
	EndGlobalSection
	GlobalSection(ProjectConfigurationPlatforms) = postSolution
		{132C8FE0-2BB8-4D07-9BAF-7B85865666BF}.Debug|Any CPU.ActiveCfg = Debug|Any CPU
		{132C8FE0-2BB8-4D07-9BAF-7B85865666BF}.Debug|Any CPU.Build.0 = Debug|Any CPU
		{132C8FE0-2BB8-4D07-9BAF-7B85865666BF}.Debug|Mixed Platforms.ActiveCfg = Debug|x86
		{132C8FE0-2BB8-4D07-9BAF-7B85865666BF}.Debug|Mixed Platforms.Build.0 = Debug|x86
		{132C8FE0-2BB8-4D07-9BAF-7B85865666BF}.Debug|Win32.ActiveCfg = Debug|x86
		{132C8FE0-2BB8-4D07-9BAF-7B85865666BF}.Debug|x64.ActiveCfg = Debug|x64
		{132C8FE0-2BB8-4D07-9BAF-7B85865666BF}.Debug|x64.Build.0 = Debug|x64
		{132C8FE0-2BB8-4D07-9BAF-7B85865666BF}.Debug|x86.ActiveCfg = Debug|x86
		{132C8FE0-2BB8-4D07-9BAF-7B85865666BF}.Debug|x86.Build.0 = Debug|x86
		{132C8FE0-2BB8-4D07-9BAF-7B85865666BF}.Debug|x86.Deploy.0 = Debug|x86
		{132C8FE0-2BB8-4D07-9BAF-7B85865666BF}.Release|Any CPU.ActiveCfg = Release|x86
		{132C8FE0-2BB8-4D07-9BAF-7B85865666BF}.Release|Any CPU.Build.0 = Release|x86
		{132C8FE0-2BB8-4D07-9BAF-7B85865666BF}.Release|Mixed Platforms.ActiveCfg = Release|x86
		{132C8FE0-2BB8-4D07-9BAF-7B85865666BF}.Release|Mixed Platforms.Build.0 = Release|x86
		{132C8FE0-2BB8-4D07-9BAF-7B85865666BF}.Release|Win32.ActiveCfg = Release|x86
		{132C8FE0-2BB8-4D07-9BAF-7B85865666BF}.Release|x64.ActiveCfg = Release|x86
		{132C8FE0-2BB8-4D07-9BAF-7B85865666BF}.Release|x86.ActiveCfg = Release|x86
		{132C8FE0-2BB8-4D07-9BAF-7B85865666BF}.Release|x86.Build.0 = Release|x86
		{456FD3DF-B3F9-41F9-B359-AA1498B57826}.Debug|Any CPU.ActiveCfg = Debug|Any CPU
		{456FD3DF-B3F9-41F9-B359-AA1498B57826}.Debug|Any CPU.Build.0 = Debug|Any CPU
		{456FD3DF-B3F9-41F9-B359-AA1498B57826}.Debug|Mixed Platforms.ActiveCfg = Debug|Any CPU
		{456FD3DF-B3F9-41F9-B359-AA1498B57826}.Debug|Mixed Platforms.Build.0 = Debug|Any CPU
		{456FD3DF-B3F9-41F9-B359-AA1498B57826}.Debug|Win32.ActiveCfg = Debug|Any CPU
		{456FD3DF-B3F9-41F9-B359-AA1498B57826}.Debug|x64.ActiveCfg = Debug|x64
		{456FD3DF-B3F9-41F9-B359-AA1498B57826}.Debug|x64.Build.0 = Debug|x64
		{456FD3DF-B3F9-41F9-B359-AA1498B57826}.Debug|x86.ActiveCfg = Debug|x86
		{456FD3DF-B3F9-41F9-B359-AA1498B57826}.Debug|x86.Build.0 = Debug|x86
		{456FD3DF-B3F9-41F9-B359-AA1498B57826}.Release|Any CPU.ActiveCfg = Release|Any CPU
		{456FD3DF-B3F9-41F9-B359-AA1498B57826}.Release|Any CPU.Build.0 = Release|Any CPU
		{456FD3DF-B3F9-41F9-B359-AA1498B57826}.Release|Mixed Platforms.ActiveCfg = Release|Any CPU
		{456FD3DF-B3F9-41F9-B359-AA1498B57826}.Release|Mixed Platforms.Build.0 = Release|Any CPU
		{456FD3DF-B3F9-41F9-B359-AA1498B57826}.Release|Win32.ActiveCfg = Release|Any CPU
		{456FD3DF-B3F9-41F9-B359-AA1498B57826}.Release|x64.ActiveCfg = Release|x64
		{456FD3DF-B3F9-41F9-B359-AA1498B57826}.Release|x64.Build.0 = Release|x64
		{456FD3DF-B3F9-41F9-B359-AA1498B57826}.Release|x86.ActiveCfg = Release|Any CPU
		{37C13D51-20CC-4F15-B16F-20A219F2F3FC}.Debug|Any CPU.ActiveCfg = Debug|Any CPU
		{37C13D51-20CC-4F15-B16F-20A219F2F3FC}.Debug|Any CPU.Build.0 = Debug|Any CPU
		{37C13D51-20CC-4F15-B16F-20A219F2F3FC}.Debug|Mixed Platforms.ActiveCfg = Debug|Any CPU
		{37C13D51-20CC-4F15-B16F-20A219F2F3FC}.Debug|Mixed Platforms.Build.0 = Debug|Any CPU
		{37C13D51-20CC-4F15-B16F-20A219F2F3FC}.Debug|Win32.ActiveCfg = Debug|Any CPU
		{37C13D51-20CC-4F15-B16F-20A219F2F3FC}.Debug|x64.ActiveCfg = Debug|Any CPU
		{37C13D51-20CC-4F15-B16F-20A219F2F3FC}.Debug|x64.Build.0 = Debug|Any CPU
		{37C13D51-20CC-4F15-B16F-20A219F2F3FC}.Debug|x86.ActiveCfg = Debug|x86
		{37C13D51-20CC-4F15-B16F-20A219F2F3FC}.Debug|x86.Build.0 = Debug|x86
		{37C13D51-20CC-4F15-B16F-20A219F2F3FC}.Release|Any CPU.ActiveCfg = Release|Any CPU
		{37C13D51-20CC-4F15-B16F-20A219F2F3FC}.Release|Any CPU.Build.0 = Release|Any CPU
		{37C13D51-20CC-4F15-B16F-20A219F2F3FC}.Release|Mixed Platforms.ActiveCfg = Release|Any CPU
		{37C13D51-20CC-4F15-B16F-20A219F2F3FC}.Release|Mixed Platforms.Build.0 = Release|Any CPU
		{37C13D51-20CC-4F15-B16F-20A219F2F3FC}.Release|Win32.ActiveCfg = Release|Any CPU
		{37C13D51-20CC-4F15-B16F-20A219F2F3FC}.Release|x64.ActiveCfg = Release|Any CPU
		{37C13D51-20CC-4F15-B16F-20A219F2F3FC}.Release|x86.ActiveCfg = Release|Any CPU
	EndGlobalSection
	GlobalSection(SolutionProperties) = preSolution
		HideSolutionNode = FALSE
	EndGlobalSection
EndGlobal
